
Microsoft Visual Studio Solution File, Format Version 12.00
# Visual Studio 14
VisualStudioVersion = 14.0.25123.0
MinimumVisualStudioVersion = 10.0.40219.1
Project("{FAE04EC0-301F-11D3-BF4B-00C04F79EFBC}") = "UWG_TechHelp.Droid", "UWG TechHelp\UWG_TechHelp.Droid\UWG_TechHelp.Droid.csproj", "{C0B2E544-FB19-4B14-8229-92D09DF7BE76}"
EndProject
Project("{FAE04EC0-301F-11D3-BF4B-00C04F79EFBC}") = "UWG_TechHelp.iOS", "UWG TechHelp\UWG_TechHelp.iOS\UWG_TechHelp.iOS.csproj", "{BBDE45A7-CF94-4E95-B21B-8CCBE114D396}"
EndProject
Project("{FAE04EC0-301F-11D3-BF4B-00C04F79EFBC}") = "UWG_TechHelp.UWP", "UWG TechHelp\UWG_TechHelp.UWP\UWG_TechHelp.UWP.csproj", "{BE2D3F8E-B972-4F3B-93AB-762E36527A7C}"
EndProject
Project("{FAE04EC0-301F-11D3-BF4B-00C04F79EFBC}") = "UWG_TechHelp", "UWG TechHelp\UWG_TechHelp\UWG_TechHelp.csproj", "{932F4B8C-F5EA-4D31-9BBF-EE6CB597F0AF}"
EndProject
Global
	GlobalSection(SolutionConfigurationPlatforms) = preSolution
		Ad-Hoc|Any CPU = Ad-Hoc|Any CPU
		Ad-Hoc|ARM = Ad-Hoc|ARM
		Ad-Hoc|iPhone = Ad-Hoc|iPhone
		Ad-Hoc|iPhoneSimulator = Ad-Hoc|iPhoneSimulator
		Ad-Hoc|x64 = Ad-Hoc|x64
		Ad-Hoc|x86 = Ad-Hoc|x86
		AppStore|Any CPU = AppStore|Any CPU
		AppStore|ARM = AppStore|ARM
		AppStore|iPhone = AppStore|iPhone
		AppStore|iPhoneSimulator = AppStore|iPhoneSimulator
		AppStore|x64 = AppStore|x64
		AppStore|x86 = AppStore|x86
		Debug|Any CPU = Debug|Any CPU
		Debug|ARM = Debug|ARM
		Debug|iPhone = Debug|iPhone
		Debug|iPhoneSimulator = Debug|iPhoneSimulator
		Debug|x64 = Debug|x64
		Debug|x86 = Debug|x86
		Release|Any CPU = Release|Any CPU
		Release|ARM = Release|ARM
		Release|iPhone = Release|iPhone
		Release|iPhoneSimulator = Release|iPhoneSimulator
		Release|x64 = Release|x64
		Release|x86 = Release|x86
	EndGlobalSection
	GlobalSection(ProjectConfigurationPlatforms) = postSolution
		{C0B2E544-FB19-4B14-8229-92D09DF7BE76}.Ad-Hoc|Any CPU.ActiveCfg = Release|Any CPU
		{C0B2E544-FB19-4B14-8229-92D09DF7BE76}.Ad-Hoc|Any CPU.Build.0 = Release|Any CPU
		{C0B2E544-FB19-4B14-8229-92D09DF7BE76}.Ad-Hoc|Any CPU.Deploy.0 = Release|Any CPU
		{C0B2E544-FB19-4B14-8229-92D09DF7BE76}.Ad-Hoc|ARM.ActiveCfg = Release|Any CPU
		{C0B2E544-FB19-4B14-8229-92D09DF7BE76}.Ad-Hoc|ARM.Build.0 = Release|Any CPU
		{C0B2E544-FB19-4B14-8229-92D09DF7BE76}.Ad-Hoc|ARM.Deploy.0 = Release|Any CPU
		{C0B2E544-FB19-4B14-8229-92D09DF7BE76}.Ad-Hoc|iPhone.ActiveCfg = Release|Any CPU
		{C0B2E544-FB19-4B14-8229-92D09DF7BE76}.Ad-Hoc|iPhone.Build.0 = Release|Any CPU
		{C0B2E544-FB19-4B14-8229-92D09DF7BE76}.Ad-Hoc|iPhone.Deploy.0 = Release|Any CPU
		{C0B2E544-FB19-4B14-8229-92D09DF7BE76}.Ad-Hoc|iPhoneSimulator.ActiveCfg = Release|Any CPU
		{C0B2E544-FB19-4B14-8229-92D09DF7BE76}.Ad-Hoc|iPhoneSimulator.Build.0 = Release|Any CPU
		{C0B2E544-FB19-4B14-8229-92D09DF7BE76}.Ad-Hoc|iPhoneSimulator.Deploy.0 = Release|Any CPU
		{C0B2E544-FB19-4B14-8229-92D09DF7BE76}.Ad-Hoc|x64.ActiveCfg = Release|Any CPU
		{C0B2E544-FB19-4B14-8229-92D09DF7BE76}.Ad-Hoc|x64.Build.0 = Release|Any CPU
		{C0B2E544-FB19-4B14-8229-92D09DF7BE76}.Ad-Hoc|x64.Deploy.0 = Release|Any CPU
		{C0B2E544-FB19-4B14-8229-92D09DF7BE76}.Ad-Hoc|x86.ActiveCfg = Release|Any CPU
		{C0B2E544-FB19-4B14-8229-92D09DF7BE76}.Ad-Hoc|x86.Build.0 = Release|Any CPU
		{C0B2E544-FB19-4B14-8229-92D09DF7BE76}.Ad-Hoc|x86.Deploy.0 = Release|Any CPU
		{C0B2E544-FB19-4B14-8229-92D09DF7BE76}.AppStore|Any CPU.ActiveCfg = Release|Any CPU
		{C0B2E544-FB19-4B14-8229-92D09DF7BE76}.AppStore|Any CPU.Build.0 = Release|Any CPU
		{C0B2E544-FB19-4B14-8229-92D09DF7BE76}.AppStore|Any CPU.Deploy.0 = Release|Any CPU
		{C0B2E544-FB19-4B14-8229-92D09DF7BE76}.AppStore|ARM.ActiveCfg = Release|Any CPU
		{C0B2E544-FB19-4B14-8229-92D09DF7BE76}.AppStore|ARM.Build.0 = Release|Any CPU
		{C0B2E544-FB19-4B14-8229-92D09DF7BE76}.AppStore|ARM.Deploy.0 = Release|Any CPU
		{C0B2E544-FB19-4B14-8229-92D09DF7BE76}.AppStore|iPhone.ActiveCfg = Release|Any CPU
		{C0B2E544-FB19-4B14-8229-92D09DF7BE76}.AppStore|iPhone.Build.0 = Release|Any CPU
		{C0B2E544-FB19-4B14-8229-92D09DF7BE76}.AppStore|iPhone.Deploy.0 = Release|Any CPU
		{C0B2E544-FB19-4B14-8229-92D09DF7BE76}.AppStore|iPhoneSimulator.ActiveCfg = Release|Any CPU
		{C0B2E544-FB19-4B14-8229-92D09DF7BE76}.AppStore|iPhoneSimulator.Build.0 = Release|Any CPU
		{C0B2E544-FB19-4B14-8229-92D09DF7BE76}.AppStore|iPhoneSimulator.Deploy.0 = Release|Any CPU
		{C0B2E544-FB19-4B14-8229-92D09DF7BE76}.AppStore|x64.ActiveCfg = Release|Any CPU
		{C0B2E544-FB19-4B14-8229-92D09DF7BE76}.AppStore|x64.Build.0 = Release|Any CPU
		{C0B2E544-FB19-4B14-8229-92D09DF7BE76}.AppStore|x64.Deploy.0 = Release|Any CPU
		{C0B2E544-FB19-4B14-8229-92D09DF7BE76}.AppStore|x86.ActiveCfg = Release|Any CPU
		{C0B2E544-FB19-4B14-8229-92D09DF7BE76}.AppStore|x86.Build.0 = Release|Any CPU
		{C0B2E544-FB19-4B14-8229-92D09DF7BE76}.AppStore|x86.Deploy.0 = Release|Any CPU
		{C0B2E544-FB19-4B14-8229-92D09DF7BE76}.Debug|Any CPU.ActiveCfg = Debug|Any CPU
		{C0B2E544-FB19-4B14-8229-92D09DF7BE76}.Debug|Any CPU.Build.0 = Debug|Any CPU
		{C0B2E544-FB19-4B14-8229-92D09DF7BE76}.Debug|Any CPU.Deploy.0 = Debug|Any CPU
		{C0B2E544-FB19-4B14-8229-92D09DF7BE76}.Debug|ARM.ActiveCfg = Debug|Any CPU
		{C0B2E544-FB19-4B14-8229-92D09DF7BE76}.Debug|ARM.Build.0 = Debug|Any CPU
		{C0B2E544-FB19-4B14-8229-92D09DF7BE76}.Debug|ARM.Deploy.0 = Debug|Any CPU
		{C0B2E544-FB19-4B14-8229-92D09DF7BE76}.Debug|iPhone.ActiveCfg = Debug|Any CPU
		{C0B2E544-FB19-4B14-8229-92D09DF7BE76}.Debug|iPhone.Build.0 = Debug|Any CPU
		{C0B2E544-FB19-4B14-8229-92D09DF7BE76}.Debug|iPhone.Deploy.0 = Debug|Any CPU
		{C0B2E544-FB19-4B14-8229-92D09DF7BE76}.Debug|iPhoneSimulator.ActiveCfg = Debug|Any CPU
		{C0B2E544-FB19-4B14-8229-92D09DF7BE76}.Debug|iPhoneSimulator.Build.0 = Debug|Any CPU
		{C0B2E544-FB19-4B14-8229-92D09DF7BE76}.Debug|iPhoneSimulator.Deploy.0 = Debug|Any CPU
		{C0B2E544-FB19-4B14-8229-92D09DF7BE76}.Debug|x64.ActiveCfg = Debug|Any CPU
		{C0B2E544-FB19-4B14-8229-92D09DF7BE76}.Debug|x64.Build.0 = Debug|Any CPU
		{C0B2E544-FB19-4B14-8229-92D09DF7BE76}.Debug|x64.Deploy.0 = Debug|Any CPU
		{C0B2E544-FB19-4B14-8229-92D09DF7BE76}.Debug|x86.ActiveCfg = Debug|Any CPU
		{C0B2E544-FB19-4B14-8229-92D09DF7BE76}.Debug|x86.Build.0 = Debug|Any CPU
		{C0B2E544-FB19-4B14-8229-92D09DF7BE76}.Debug|x86.Deploy.0 = Debug|Any CPU
		{C0B2E544-FB19-4B14-8229-92D09DF7BE76}.Release|Any CPU.ActiveCfg = Release|Any CPU
		{C0B2E544-FB19-4B14-8229-92D09DF7BE76}.Release|Any CPU.Build.0 = Release|Any CPU
		{C0B2E544-FB19-4B14-8229-92D09DF7BE76}.Release|Any CPU.Deploy.0 = Release|Any CPU
		{C0B2E544-FB19-4B14-8229-92D09DF7BE76}.Release|ARM.ActiveCfg = Release|Any CPU
		{C0B2E544-FB19-4B14-8229-92D09DF7BE76}.Release|ARM.Build.0 = Release|Any CPU
		{C0B2E544-FB19-4B14-8229-92D09DF7BE76}.Release|ARM.Deploy.0 = Release|Any CPU
		{C0B2E544-FB19-4B14-8229-92D09DF7BE76}.Release|iPhone.ActiveCfg = Release|Any CPU
		{C0B2E544-FB19-4B14-8229-92D09DF7BE76}.Release|iPhone.Build.0 = Release|Any CPU
		{C0B2E544-FB19-4B14-8229-92D09DF7BE76}.Release|iPhone.Deploy.0 = Release|Any CPU
		{C0B2E544-FB19-4B14-8229-92D09DF7BE76}.Release|iPhoneSimulator.ActiveCfg = Release|Any CPU
		{C0B2E544-FB19-4B14-8229-92D09DF7BE76}.Release|iPhoneSimulator.Build.0 = Release|Any CPU
		{C0B2E544-FB19-4B14-8229-92D09DF7BE76}.Release|iPhoneSimulator.Deploy.0 = Release|Any CPU
		{C0B2E544-FB19-4B14-8229-92D09DF7BE76}.Release|x64.ActiveCfg = Release|Any CPU
		{C0B2E544-FB19-4B14-8229-92D09DF7BE76}.Release|x64.Build.0 = Release|Any CPU
		{C0B2E544-FB19-4B14-8229-92D09DF7BE76}.Release|x64.Deploy.0 = Release|Any CPU
		{C0B2E544-FB19-4B14-8229-92D09DF7BE76}.Release|x86.ActiveCfg = Release|Any CPU
		{C0B2E544-FB19-4B14-8229-92D09DF7BE76}.Release|x86.Build.0 = Release|Any CPU
		{C0B2E544-FB19-4B14-8229-92D09DF7BE76}.Release|x86.Deploy.0 = Release|Any CPU
		{BBDE45A7-CF94-4E95-B21B-8CCBE114D396}.Ad-Hoc|Any CPU.ActiveCfg = Ad-Hoc|iPhone
		{BBDE45A7-CF94-4E95-B21B-8CCBE114D396}.Ad-Hoc|ARM.ActiveCfg = Ad-Hoc|iPhone
		{BBDE45A7-CF94-4E95-B21B-8CCBE114D396}.Ad-Hoc|iPhone.ActiveCfg = Ad-Hoc|iPhone
		{BBDE45A7-CF94-4E95-B21B-8CCBE114D396}.Ad-Hoc|iPhone.Build.0 = Ad-Hoc|iPhone
		{BBDE45A7-CF94-4E95-B21B-8CCBE114D396}.Ad-Hoc|iPhoneSimulator.ActiveCfg = Ad-Hoc|iPhoneSimulator
		{BBDE45A7-CF94-4E95-B21B-8CCBE114D396}.Ad-Hoc|iPhoneSimulator.Build.0 = Ad-Hoc|iPhoneSimulator
		{BBDE45A7-CF94-4E95-B21B-8CCBE114D396}.Ad-Hoc|x64.ActiveCfg = Ad-Hoc|iPhone
		{BBDE45A7-CF94-4E95-B21B-8CCBE114D396}.Ad-Hoc|x86.ActiveCfg = Ad-Hoc|iPhone
		{BBDE45A7-CF94-4E95-B21B-8CCBE114D396}.AppStore|Any CPU.ActiveCfg = AppStore|iPhone
		{BBDE45A7-CF94-4E95-B21B-8CCBE114D396}.AppStore|ARM.ActiveCfg = AppStore|iPhone
		{BBDE45A7-CF94-4E95-B21B-8CCBE114D396}.AppStore|iPhone.ActiveCfg = AppStore|iPhone
		{BBDE45A7-CF94-4E95-B21B-8CCBE114D396}.AppStore|iPhone.Build.0 = AppStore|iPhone
		{BBDE45A7-CF94-4E95-B21B-8CCBE114D396}.AppStore|iPhoneSimulator.ActiveCfg = AppStore|iPhoneSimulator
		{BBDE45A7-CF94-4E95-B21B-8CCBE114D396}.AppStore|iPhoneSimulator.Build.0 = AppStore|iPhoneSimulator
		{BBDE45A7-CF94-4E95-B21B-8CCBE114D396}.AppStore|x64.ActiveCfg = AppStore|iPhone
		{BBDE45A7-CF94-4E95-B21B-8CCBE114D396}.AppStore|x86.ActiveCfg = AppStore|iPhone
		{BBDE45A7-CF94-4E95-B21B-8CCBE114D396}.Debug|Any CPU.ActiveCfg = Debug|iPhoneSimulator
		{BBDE45A7-CF94-4E95-B21B-8CCBE114D396}.Debug|ARM.ActiveCfg = Debug|iPhone
		{BBDE45A7-CF94-4E95-B21B-8CCBE114D396}.Debug|iPhone.ActiveCfg = Debug|iPhone
		{BBDE45A7-CF94-4E95-B21B-8CCBE114D396}.Debug|iPhone.Build.0 = Debug|iPhone
		{BBDE45A7-CF94-4E95-B21B-8CCBE114D396}.Debug|iPhoneSimulator.ActiveCfg = Debug|iPhoneSimulator
		{BBDE45A7-CF94-4E95-B21B-8CCBE114D396}.Debug|iPhoneSimulator.Build.0 = Debug|iPhoneSimulator
		{BBDE45A7-CF94-4E95-B21B-8CCBE114D396}.Debug|x64.ActiveCfg = Debug|iPhone
		{BBDE45A7-CF94-4E95-B21B-8CCBE114D396}.Debug|x86.ActiveCfg = Debug|iPhone
		{BBDE45A7-CF94-4E95-B21B-8CCBE114D396}.Release|Any CPU.ActiveCfg = Release|iPhone
		{BBDE45A7-CF94-4E95-B21B-8CCBE114D396}.Release|ARM.ActiveCfg = Release|iPhone
		{BBDE45A7-CF94-4E95-B21B-8CCBE114D396}.Release|iPhone.ActiveCfg = Release|iPhone
		{BBDE45A7-CF94-4E95-B21B-8CCBE114D396}.Release|iPhone.Build.0 = Release|iPhone
		{BBDE45A7-CF94-4E95-B21B-8CCBE114D396}.Release|iPhoneSimulator.ActiveCfg = Release|iPhoneSimulator
		{BBDE45A7-CF94-4E95-B21B-8CCBE114D396}.Release|iPhoneSimulator.Build.0 = Release|iPhoneSimulator
		{BBDE45A7-CF94-4E95-B21B-8CCBE114D396}.Release|x64.ActiveCfg = Release|iPhone
		{BBDE45A7-CF94-4E95-B21B-8CCBE114D396}.Release|x86.ActiveCfg = Release|iPhone
		{BE2D3F8E-B972-4F3B-93AB-762E36527A7C}.Ad-Hoc|Any CPU.ActiveCfg = Release|x86
		{BE2D3F8E-B972-4F3B-93AB-762E36527A7C}.Ad-Hoc|Any CPU.Build.0 = Release|x86
		{BE2D3F8E-B972-4F3B-93AB-762E36527A7C}.Ad-Hoc|Any CPU.Deploy.0 = Release|x86
		{BE2D3F8E-B972-4F3B-93AB-762E36527A7C}.Ad-Hoc|ARM.ActiveCfg = Release|ARM
		{BE2D3F8E-B972-4F3B-93AB-762E36527A7C}.Ad-Hoc|ARM.Build.0 = Release|ARM
		{BE2D3F8E-B972-4F3B-93AB-762E36527A7C}.Ad-Hoc|ARM.Deploy.0 = Release|ARM
		{BE2D3F8E-B972-4F3B-93AB-762E36527A7C}.Ad-Hoc|iPhone.ActiveCfg = Release|x86
		{BE2D3F8E-B972-4F3B-93AB-762E36527A7C}.Ad-Hoc|iPhone.Build.0 = Release|x86
		{BE2D3F8E-B972-4F3B-93AB-762E36527A7C}.Ad-Hoc|iPhone.Deploy.0 = Release|x86
		{BE2D3F8E-B972-4F3B-93AB-762E36527A7C}.Ad-Hoc|iPhoneSimulator.ActiveCfg = Release|x86
		{BE2D3F8E-B972-4F3B-93AB-762E36527A7C}.Ad-Hoc|iPhoneSimulator.Build.0 = Release|x86
		{BE2D3F8E-B972-4F3B-93AB-762E36527A7C}.Ad-Hoc|iPhoneSimulator.Deploy.0 = Release|x86
		{BE2D3F8E-B972-4F3B-93AB-762E36527A7C}.Ad-Hoc|x64.ActiveCfg = Release|x64
		{BE2D3F8E-B972-4F3B-93AB-762E36527A7C}.Ad-Hoc|x64.Build.0 = Release|x64
		{BE2D3F8E-B972-4F3B-93AB-762E36527A7C}.Ad-Hoc|x64.Deploy.0 = Release|x64
		{BE2D3F8E-B972-4F3B-93AB-762E36527A7C}.Ad-Hoc|x86.ActiveCfg = Release|x86
		{BE2D3F8E-B972-4F3B-93AB-762E36527A7C}.Ad-Hoc|x86.Build.0 = Release|x86
		{BE2D3F8E-B972-4F3B-93AB-762E36527A7C}.Ad-Hoc|x86.Deploy.0 = Release|x86
		{BE2D3F8E-B972-4F3B-93AB-762E36527A7C}.AppStore|Any CPU.ActiveCfg = Release|x86
		{BE2D3F8E-B972-4F3B-93AB-762E36527A7C}.AppStore|Any CPU.Build.0 = Release|x86
		{BE2D3F8E-B972-4F3B-93AB-762E36527A7C}.AppStore|Any CPU.Deploy.0 = Release|x86
		{BE2D3F8E-B972-4F3B-93AB-762E36527A7C}.AppStore|ARM.ActiveCfg = Release|ARM
		{BE2D3F8E-B972-4F3B-93AB-762E36527A7C}.AppStore|ARM.Build.0 = Release|ARM
		{BE2D3F8E-B972-4F3B-93AB-762E36527A7C}.AppStore|ARM.Deploy.0 = Release|ARM
		{BE2D3F8E-B972-4F3B-93AB-762E36527A7C}.AppStore|iPhone.ActiveCfg = Release|x86
		{BE2D3F8E-B972-4F3B-93AB-762E36527A7C}.AppStore|iPhone.Build.0 = Release|x86
		{BE2D3F8E-B972-4F3B-93AB-762E36527A7C}.AppStore|iPhone.Deploy.0 = Release|x86
		{BE2D3F8E-B972-4F3B-93AB-762E36527A7C}.AppStore|iPhoneSimulator.ActiveCfg = Release|x86
		{BE2D3F8E-B972-4F3B-93AB-762E36527A7C}.AppStore|iPhoneSimulator.Build.0 = Release|x86
		{BE2D3F8E-B972-4F3B-93AB-762E36527A7C}.AppStore|iPhoneSimulator.Deploy.0 = Release|x86
		{BE2D3F8E-B972-4F3B-93AB-762E36527A7C}.AppStore|x64.ActiveCfg = Release|x64
		{BE2D3F8E-B972-4F3B-93AB-762E36527A7C}.AppStore|x64.Build.0 = Release|x64
		{BE2D3F8E-B972-4F3B-93AB-762E36527A7C}.AppStore|x64.Deploy.0 = Release|x64
		{BE2D3F8E-B972-4F3B-93AB-762E36527A7C}.AppStore|x86.ActiveCfg = Release|x86
		{BE2D3F8E-B972-4F3B-93AB-762E36527A7C}.AppStore|x86.Build.0 = Release|x86
		{BE2D3F8E-B972-4F3B-93AB-762E36527A7C}.AppStore|x86.Deploy.0 = Release|x86
		{BE2D3F8E-B972-4F3B-93AB-762E36527A7C}.Debug|Any CPU.ActiveCfg = Debug|ARM
		{BE2D3F8E-B972-4F3B-93AB-762E36527A7C}.Debug|Any CPU.Build.0 = Debug|ARM
		{BE2D3F8E-B972-4F3B-93AB-762E36527A7C}.Debug|Any CPU.Deploy.0 = Debug|ARM
		{BE2D3F8E-B972-4F3B-93AB-762E36527A7C}.Debug|ARM.ActiveCfg = Debug|ARM
		{BE2D3F8E-B972-4F3B-93AB-762E36527A7C}.Debug|ARM.Build.0 = Debug|ARM
		{BE2D3F8E-B972-4F3B-93AB-762E36527A7C}.Debug|ARM.Deploy.0 = Debug|ARM
		{BE2D3F8E-B972-4F3B-93AB-762E36527A7C}.Debug|iPhone.ActiveCfg = Debug|x86
		{BE2D3F8E-B972-4F3B-93AB-762E36527A7C}.Debug|iPhoneSimulator.ActiveCfg = Debug|x86
		{BE2D3F8E-B972-4F3B-93AB-762E36527A7C}.Debug|x64.ActiveCfg = Debug|x64
		{BE2D3F8E-B972-4F3B-93AB-762E36527A7C}.Debug|x64.Build.0 = Debug|x64
		{BE2D3F8E-B972-4F3B-93AB-762E36527A7C}.Debug|x64.Deploy.0 = Debug|x64
		{BE2D3F8E-B972-4F3B-93AB-762E36527A7C}.Debug|x86.ActiveCfg = Debug|x86
		{BE2D3F8E-B972-4F3B-93AB-762E36527A7C}.Debug|x86.Build.0 = Debug|x86
		{BE2D3F8E-B972-4F3B-93AB-762E36527A7C}.Debug|x86.Deploy.0 = Debug|x86
		{BE2D3F8E-B972-4F3B-93AB-762E36527A7C}.Release|Any CPU.ActiveCfg = Release|x86
		{BE2D3F8E-B972-4F3B-93AB-762E36527A7C}.Release|ARM.ActiveCfg = Release|ARM
		{BE2D3F8E-B972-4F3B-93AB-762E36527A7C}.Release|ARM.Build.0 = Release|ARM
		{BE2D3F8E-B972-4F3B-93AB-762E36527A7C}.Release|ARM.Deploy.0 = Release|ARM
		{BE2D3F8E-B972-4F3B-93AB-762E36527A7C}.Release|iPhone.ActiveCfg = Release|x86
		{BE2D3F8E-B972-4F3B-93AB-762E36527A7C}.Release|iPhoneSimulator.ActiveCfg = Release|x86
		{BE2D3F8E-B972-4F3B-93AB-762E36527A7C}.Release|x64.ActiveCfg = Release|x64
		{BE2D3F8E-B972-4F3B-93AB-762E36527A7C}.Release|x64.Build.0 = Release|x64
		{BE2D3F8E-B972-4F3B-93AB-762E36527A7C}.Release|x64.Deploy.0 = Release|x64
		{BE2D3F8E-B972-4F3B-93AB-762E36527A7C}.Release|x86.ActiveCfg = Release|x86
		{BE2D3F8E-B972-4F3B-93AB-762E36527A7C}.Release|x86.Build.0 = Release|x86
		{BE2D3F8E-B972-4F3B-93AB-762E36527A7C}.Release|x86.Deploy.0 = Release|x86
		{932F4B8C-F5EA-4D31-9BBF-EE6CB597F0AF}.Ad-Hoc|Any CPU.ActiveCfg = Release|Any CPU
		{932F4B8C-F5EA-4D31-9BBF-EE6CB597F0AF}.Ad-Hoc|Any CPU.Build.0 = Release|Any CPU
		{932F4B8C-F5EA-4D31-9BBF-EE6CB597F0AF}.Ad-Hoc|ARM.ActiveCfg = Release|Any CPU
		{932F4B8C-F5EA-4D31-9BBF-EE6CB597F0AF}.Ad-Hoc|ARM.Build.0 = Release|Any CPU
		{932F4B8C-F5EA-4D31-9BBF-EE6CB597F0AF}.Ad-Hoc|iPhone.ActiveCfg = Release|Any CPU
		{932F4B8C-F5EA-4D31-9BBF-EE6CB597F0AF}.Ad-Hoc|iPhone.Build.0 = Release|Any CPU
		{932F4B8C-F5EA-4D31-9BBF-EE6CB597F0AF}.Ad-Hoc|iPhoneSimulator.ActiveCfg = Release|Any CPU
		{932F4B8C-F5EA-4D31-9BBF-EE6CB597F0AF}.Ad-Hoc|iPhoneSimulator.Build.0 = Release|Any CPU
		{932F4B8C-F5EA-4D31-9BBF-EE6CB597F0AF}.Ad-Hoc|x64.ActiveCfg = Release|Any CPU
		{932F4B8C-F5EA-4D31-9BBF-EE6CB597F0AF}.Ad-Hoc|x64.Build.0 = Release|Any CPU
		{932F4B8C-F5EA-4D31-9BBF-EE6CB597F0AF}.Ad-Hoc|x86.ActiveCfg = Release|Any CPU
		{932F4B8C-F5EA-4D31-9BBF-EE6CB597F0AF}.Ad-Hoc|x86.Build.0 = Release|Any CPU
		{932F4B8C-F5EA-4D31-9BBF-EE6CB597F0AF}.AppStore|Any CPU.ActiveCfg = Release|Any CPU
		{932F4B8C-F5EA-4D31-9BBF-EE6CB597F0AF}.AppStore|Any CPU.Build.0 = Release|Any CPU
		{932F4B8C-F5EA-4D31-9BBF-EE6CB597F0AF}.AppStore|ARM.ActiveCfg = Release|Any CPU
		{932F4B8C-F5EA-4D31-9BBF-EE6CB597F0AF}.AppStore|ARM.Build.0 = Release|Any CPU
		{932F4B8C-F5EA-4D31-9BBF-EE6CB597F0AF}.AppStore|iPhone.ActiveCfg = Release|Any CPU
		{932F4B8C-F5EA-4D31-9BBF-EE6CB597F0AF}.AppStore|iPhone.Build.0 = Release|Any CPU
		{932F4B8C-F5EA-4D31-9BBF-EE6CB597F0AF}.AppStore|iPhoneSimulator.ActiveCfg = Release|Any CPU
		{932F4B8C-F5EA-4D31-9BBF-EE6CB597F0AF}.AppStore|iPhoneSimulator.Build.0 = Release|Any CPU
		{932F4B8C-F5EA-4D31-9BBF-EE6CB597F0AF}.AppStore|x64.ActiveCfg = Release|Any CPU
		{932F4B8C-F5EA-4D31-9BBF-EE6CB597F0AF}.AppStore|x64.Build.0 = Release|Any CPU
		{932F4B8C-F5EA-4D31-9BBF-EE6CB597F0AF}.AppStore|x86.ActiveCfg = Release|Any CPU
		{932F4B8C-F5EA-4D31-9BBF-EE6CB597F0AF}.AppStore|x86.Build.0 = Release|Any CPU
		{932F4B8C-F5EA-4D31-9BBF-EE6CB597F0AF}.Debug|Any CPU.ActiveCfg = Debug|Any CPU
		{932F4B8C-F5EA-4D31-9BBF-EE6CB597F0AF}.Debug|Any CPU.Build.0 = Debug|Any CPU
		{932F4B8C-F5EA-4D31-9BBF-EE6CB597F0AF}.Debug|ARM.ActiveCfg = Debug|Any CPU
		{932F4B8C-F5EA-4D31-9BBF-EE6CB597F0AF}.Debug|ARM.Build.0 = Debug|Any CPU
		{932F4B8C-F5EA-4D31-9BBF-EE6CB597F0AF}.Debug|iPhone.ActiveCfg = Debug|Any CPU
		{932F4B8C-F5EA-4D31-9BBF-EE6CB597F0AF}.Debug|iPhone.Build.0 = Debug|Any CPU
		{932F4B8C-F5EA-4D31-9BBF-EE6CB597F0AF}.Debug|iPhoneSimulator.ActiveCfg = Debug|Any CPU
		{932F4B8C-F5EA-4D31-9BBF-EE6CB597F0AF}.Debug|iPhoneSimulator.Build.0 = Debug|Any CPU
		{932F4B8C-F5EA-4D31-9BBF-EE6CB597F0AF}.Debug|x64.ActiveCfg = Debug|Any CPU
		{932F4B8C-F5EA-4D31-9BBF-EE6CB597F0AF}.Debug|x64.Build.0 = Debug|Any CPU
		{932F4B8C-F5EA-4D31-9BBF-EE6CB597F0AF}.Debug|x86.ActiveCfg = Debug|Any CPU
		{932F4B8C-F5EA-4D31-9BBF-EE6CB597F0AF}.Debug|x86.Build.0 = Debug|Any CPU
		{932F4B8C-F5EA-4D31-9BBF-EE6CB597F0AF}.Release|Any CPU.ActiveCfg = Release|Any CPU
		{932F4B8C-F5EA-4D31-9BBF-EE6CB597F0AF}.Release|Any CPU.Build.0 = Release|Any CPU
		{932F4B8C-F5EA-4D31-9BBF-EE6CB597F0AF}.Release|ARM.ActiveCfg = Release|Any CPU
		{932F4B8C-F5EA-4D31-9BBF-EE6CB597F0AF}.Release|ARM.Build.0 = Release|Any CPU
		{932F4B8C-F5EA-4D31-9BBF-EE6CB597F0AF}.Release|iPhone.ActiveCfg = Release|Any CPU
		{932F4B8C-F5EA-4D31-9BBF-EE6CB597F0AF}.Release|iPhone.Build.0 = Release|Any CPU
		{932F4B8C-F5EA-4D31-9BBF-EE6CB597F0AF}.Release|iPhoneSimulator.ActiveCfg = Release|Any CPU
		{932F4B8C-F5EA-4D31-9BBF-EE6CB597F0AF}.Release|iPhoneSimulator.Build.0 = Release|Any CPU
		{932F4B8C-F5EA-4D31-9BBF-EE6CB597F0AF}.Release|x64.ActiveCfg = Release|Any CPU
		{932F4B8C-F5EA-4D31-9BBF-EE6CB597F0AF}.Release|x64.Build.0 = Release|Any CPU
		{932F4B8C-F5EA-4D31-9BBF-EE6CB597F0AF}.Release|x86.ActiveCfg = Release|Any CPU
		{932F4B8C-F5EA-4D31-9BBF-EE6CB597F0AF}.Release|x86.Build.0 = Release|Any CPU
	EndGlobalSection
	GlobalSection(SolutionProperties) = preSolution
		HideSolutionNode = FALSE
	EndGlobalSection
EndGlobal
